
Microsoft Visual Studio Solution File, Format Version 12.00
# Visual Studio Version 17
VisualStudioVersion = 17.5.33516.290
MinimumVisualStudioVersion = 10.0.40219.1
Project("{FAE04EC0-301F-11D3-BF4B-00C04F79EFBC}") = "DevOpsDemo", "DevOpsDemo\DevOpsDemo.csproj", "{EB18271B-9A74-46AC-A6A2-D2D8B1BCEE36}"
EndProject
Project("{FAE04EC0-301F-11D3-BF4B-00C04F79EFBC}") = "DevOpsDemo.Test", "DevOpsDemo.Test\DevOpsDemo.Test.csproj", "{17AB2513-D1B3-4D23-B5B6-551D5FCB86ED}"
	ProjectSection(ProjectDependencies) = postProject
		{EB18271B-9A74-46AC-A6A2-D2D8B1BCEE36} = {EB18271B-9A74-46AC-A6A2-D2D8B1BCEE36}
	EndProjectSection
EndProject
Global
	GlobalSection(SolutionConfigurationPlatforms) = preSolution
		Debug|Any CPU = Debug|Any CPU
		Release|Any CPU = Release|Any CPU
	EndGlobalSection
	GlobalSection(ProjectConfigurationPlatforms) = postSolution
		{EB18271B-9A74-46AC-A6A2-D2D8B1BCEE36}.Debug|Any CPU.ActiveCfg = Debug|Any CPU
		{EB18271B-9A74-46AC-A6A2-D2D8B1BCEE36}.Debug|Any CPU.Build.0 = Debug|Any CPU
		{EB18271B-9A74-46AC-A6A2-D2D8B1BCEE36}.Release|Any CPU.ActiveCfg = Release|Any CPU
		{EB18271B-9A74-46AC-A6A2-D2D8B1BCEE36}.Release|Any CPU.Build.0 = Release|Any CPU
		{17AB2513-D1B3-4D23-B5B6-551D5FCB86ED}.Debug|Any CPU.ActiveCfg = Debug|Any CPU
		{17AB2513-D1B3-4D23-B5B6-551D5FCB86ED}.Debug|Any CPU.Build.0 = Debug|Any CPU
		{17AB2513-D1B3-4D23-B5B6-551D5FCB86ED}.Release|Any CPU.ActiveCfg = Release|Any CPU
		{17AB2513-D1B3-4D23-B5B6-551D5FCB86ED}.Release|Any CPU.Build.0 = Release|Any CPU
	EndGlobalSection
	GlobalSection(SolutionProperties) = preSolution
		HideSolutionNode = FALSE
	EndGlobalSection
	GlobalSection(ExtensibilityGlobals) = postSolution
		SolutionGuid = {B170027C-5F6A-437C-8D58-C9CACB0E087F}
	EndGlobalSection
EndGlobal
